
Microsoft Visual Studio Solution File, Format Version 12.00
# Visual Studio 15
VisualStudioVersion = 15.0.28307.136
MinimumVisualStudioVersion = 10.0.40219.1
Project("{FAE04EC0-301F-11D3-BF4B-00C04F79EFBC}") = "Northwind.Web", "Northwind.Web\Northwind.Web.csproj", "{335065DD-99CD-4612-A7DE-6761582E6BCC}"
EndProject
Global
	GlobalSection(SolutionConfigurationPlatforms) = preSolution
		Debug|Any CPU = Debug|Any CPU
		Release|Any CPU = Release|Any CPU
	EndGlobalSection
	GlobalSection(ProjectConfigurationPlatforms) = postSolution
		{335065DD-99CD-4612-A7DE-6761582E6BCC}.Debug|Any CPU.ActiveCfg = Debug|Any CPU
		{335065DD-99CD-4612-A7DE-6761582E6BCC}.Debug|Any CPU.Build.0 = Debug|Any CPU
		{335065DD-99CD-4612-A7DE-6761582E6BCC}.Release|Any CPU.ActiveCfg = Release|Any CPU
		{335065DD-99CD-4612-A7DE-6761582E6BCC}.Release|Any CPU.Build.0 = Release|Any CPU
	EndGlobalSection
	GlobalSection(SolutionProperties) = preSolution
		HideSolutionNode = FALSE
	EndGlobalSection
	GlobalSection(ExtensibilityGlobals) = postSolution
		SolutionGuid = {A8F9B931-7F46-4304-A752-319DAF26FC25}
	EndGlobalSection
EndGlobal
